// !$*UTF8*$!
{
	archiveVersion = 1;
	classes = {
	};
	objectVersion = 56;
	objects = {

/* Begin PBXBuildFile section */
		D133AECA2BBF8D6500D053C9 /* AppDelegate.swift in Sources */ = {isa = PBXBuildFile; fileRef = D133AEC92BBF8D6500D053C9 /* AppDelegate.swift */; };
		D133AECC2BBF8D6500D053C9 /* SceneDelegate.swift in Sources */ = {isa = PBXBuildFile; fileRef = D133AECB2BBF8D6500D053C9 /* SceneDelegate.swift */; };
		D133AECE2BBF8D6500D053C9 /* ViewController.swift in Sources */ = {isa = PBXBuildFile; fileRef = D133AECD2BBF8D6500D053C9 /* ViewController.swift */; };
		D133AED12BBF8D6500D053C9 /* Base in Resources */ = {isa = PBXBuildFile; fileRef = D133AED02BBF8D6500D053C9 /* Base */; };
		D133AED32BBF8D6700D053C9 /* Assets.xcassets in Resources */ = {isa = PBXBuildFile; fileRef = D133AED22BBF8D6700D053C9 /* Assets.xcassets */; };
		D133AED62BBF8D6700D053C9 /* Base in Resources */ = {isa = PBXBuildFile; fileRef = D133AED52BBF8D6700D053C9 /* Base */; };
		D133AEE12BBF8D6700D053C9 /* ApplePieTests.swift in Sources */ = {isa = PBXBuildFile; fileRef = D133AEE02BBF8D6700D053C9 /* ApplePieTests.swift */; };
		D133AEEB2BBF8D6700D053C9 /* ApplePieUITests.swift in Sources */ = {isa = PBXBuildFile; fileRef = D133AEEA2BBF8D6700D053C9 /* ApplePieUITests.swift */; };
		D133AEED2BBF8D6700D053C9 /* ApplePieUITestsLaunchTests.swift in Sources */ = {isa = PBXBuildFile; fileRef = D133AEEC2BBF8D6700D053C9 /* ApplePieUITestsLaunchTests.swift */; };
		D1A684F72BC0922A00EA458A /* Game.swift in Sources */ = {isa = PBXBuildFile; fileRef = D1A684F62BC0922A00EA458A /* Game.swift */; };
/* End PBXBuildFile section */

/* Begin PBXContainerItemProxy section */
		D133AEDD2BBF8D6700D053C9 /* PBXContainerItemProxy */ = {
			isa = PBXContainerItemProxy;
			containerPortal = D133AEBE2BBF8D6500D053C9 /* Project object */;
			proxyType = 1;
			remoteGlobalIDString = D133AEC52BBF8D6500D053C9;
			remoteInfo = ApplePie;
		};
		D133AEE72BBF8D6700D053C9 /* PBXContainerItemProxy */ = {
			isa = PBXContainerItemProxy;
			containerPortal = D133AEBE2BBF8D6500D053C9 /* Project object */;
			proxyType = 1;
			remoteGlobalIDString = D133AEC52BBF8D6500D053C9;
			remoteInfo = ApplePie;
		};
/* End PBXContainerItemProxy section */

/* Begin PBXFileReference section */
		D133AEC62BBF8D6500D053C9 /* ApplePie.app */ = {isa = PBXFileReference; explicitFileType = wrapper.application; includeInIndex = 0; path = ApplePie.app; sourceTree = BUILT_PRODUCTS_DIR; };
		D133AEC92BBF8D6500D053C9 /* AppDelegate.swift */ = {isa = PBXFileReference; lastKnownFileType = sourcecode.swift; path = AppDelegate.swift; sourceTree = "<group>"; };
		D133AECB2BBF8D6500D053C9 /* SceneDelegate.swift */ = {isa = PBXFileReference; lastKnownFileType = sourcecode.swift; path = SceneDelegate.swift; sourceTree = "<group>"; };
		D133AECD2BBF8D6500D053C9 /* ViewController.swift */ = {isa = PBXFileReference; lastKnownFileType = sourcecode.swift; path = ViewController.swift; sourceTree = "<group>"; };
		D133AED02BBF8D6500D053C9 /* Base */ = {isa = PBXFileReference; lastKnownFileType = file.storyboard; name = Base; path = Base.lproj/Main.storyboard; sourceTree = "<group>"; };
		D133AED22BBF8D6700D053C9 /* Assets.xcassets */ = {isa = PBXFileReference; lastKnownFileType = folder.assetcatalog; path = Assets.xcassets; sourceTree = "<group>"; };
		D133AED52BBF8D6700D053C9 /* Base */ = {isa = PBXFileReference; lastKnownFileType = file.storyboard; name = Base; path = Base.lproj/LaunchScreen.storyboard; sourceTree = "<group>"; };
		D133AED72BBF8D6700D053C9 /* Info.plist */ = {isa = PBXFileReference; lastKnownFileType = text.plist.xml; path = Info.plist; sourceTree = "<group>"; };
		D133AEDC2BBF8D6700D053C9 /* ApplePieTests.xctest */ = {isa = PBXFileReference; explicitFileType = wrapper.cfbundle; includeInIndex = 0; path = ApplePieTests.xctest; sourceTree = BUILT_PRODUCTS_DIR; };
		D133AEE02BBF8D6700D053C9 /* ApplePieTests.swift */ = {isa = PBXFileReference; lastKnownFileType = sourcecode.swift; path = ApplePieTests.swift; sourceTree = "<group>"; };
		D133AEE62BBF8D6700D053C9 /* ApplePieUITests.xctest */ = {isa = PBXFileReference; explicitFileType = wrapper.cfbundle; includeInIndex = 0; path = ApplePieUITests.xctest; sourceTree = BUILT_PRODUCTS_DIR; };
		D133AEEA2BBF8D6700D053C9 /* ApplePieUITests.swift */ = {isa = PBXFileReference; lastKnownFileType = sourcecode.swift; path = ApplePieUITests.swift; sourceTree = "<group>"; };
		D133AEEC2BBF8D6700D053C9 /* ApplePieUITestsLaunchTests.swift */ = {isa = PBXFileReference; lastKnownFileType = sourcecode.swift; path = ApplePieUITestsLaunchTests.swift; sourceTree = "<group>"; };
		D1A684F62BC0922A00EA458A /* Game.swift */ = {isa = PBXFileReference; lastKnownFileType = sourcecode.swift; path = Game.swift; sourceTree = "<group>"; };
/* End PBXFileReference section */

/* Begin PBXFrameworksBuildPhase section */
		D133AEC32BBF8D6500D053C9 /* Frameworks */ = {
			isa = PBXFrameworksBuildPhase;
			buildActionMask = 2147483647;
			files = (
			);
			runOnlyForDeploymentPostprocessing = 0;
		};
		D133AED92BBF8D6700D053C9 /* Frameworks */ = {
			isa = PBXFrameworksBuildPhase;
			buildActionMask = 2147483647;
			files = (
			);
			runOnlyForDeploymentPostprocessing = 0;
		};
		D133AEE32BBF8D6700D053C9 /* Frameworks */ = {
			isa = PBXFrameworksBuildPhase;
			buildActionMask = 2147483647;
			files = (
			);
			runOnlyForDeploymentPostprocessing = 0;
		};
/* End PBXFrameworksBuildPhase section */

/* Begin PBXGroup section */
		D133AEBD2BBF8D6500D053C9 = {
			isa = PBXGroup;
			children = (
				D133AEC82BBF8D6500D053C9 /* ApplePie */,
				D133AEDF2BBF8D6700D053C9 /* ApplePieTests */,
				D133AEE92BBF8D6700D053C9 /* ApplePieUITests */,
				D133AEC72BBF8D6500D053C9 /* Products */,
			);
			sourceTree = "<group>";
		};
		D133AEC72BBF8D6500D053C9 /* Products */ = {
			isa = PBXGroup;
			children = (
				D133AEC62BBF8D6500D053C9 /* ApplePie.app */,
				D133AEDC2BBF8D6700D053C9 /* ApplePieTests.xctest */,
				D133AEE62BBF8D6700D053C9 /* ApplePieUITests.xctest */,
			);
			name = Products;
			sourceTree = "<group>";
		};
		D133AEC82BBF8D6500D053C9 /* ApplePie */ = {
			isa = PBXGroup;
			children = (
				D133AEC92BBF8D6500D053C9 /* AppDelegate.swift */,
				D133AECB2BBF8D6500D053C9 /* SceneDelegate.swift */,
				D133AECD2BBF8D6500D053C9 /* ViewController.swift */,
				D1A684F62BC0922A00EA458A /* Game.swift */,
				D133AECF2BBF8D6500D053C9 /* Main.storyboard */,
				D133AED22BBF8D6700D053C9 /* Assets.xcassets */,
				D133AED42BBF8D6700D053C9 /* LaunchScreen.storyboard */,
				D133AED72BBF8D6700D053C9 /* Info.plist */,
			);
			path = ApplePie;
			sourceTree = "<group>";
		};
		D133AEDF2BBF8D6700D053C9 /* ApplePieTests */ = {
			isa = PBXGroup;
			children = (
				D133AEE02BBF8D6700D053C9 /* ApplePieTests.swift */,
			);
			path = ApplePieTests;
			sourceTree = "<group>";
		};
		D133AEE92BBF8D6700D053C9 /* ApplePieUITests */ = {
			isa = PBXGroup;
			children = (
				D133AEEA2BBF8D6700D053C9 /* ApplePieUITests.swift */,
				D133AEEC2BBF8D6700D053C9 /* ApplePieUITestsLaunchTests.swift */,
			);
			path = ApplePieUITests;
			sourceTree = "<group>";
		};
/* End PBXGroup section */

/* Begin PBXNativeTarget section */
		D133AEC52BBF8D6500D053C9 /* ApplePie */ = {
			isa = PBXNativeTarget;
			buildConfigurationList = D133AEF02BBF8D6700D053C9 /* Build configuration list for PBXNativeTarget "ApplePie" */;
			buildPhases = (
				D133AEC22BBF8D6500D053C9 /* Sources */,
				D133AEC32BBF8D6500D053C9 /* Frameworks */,
				D133AEC42BBF8D6500D053C9 /* Resources */,
			);
			buildRules = (
			);
			dependencies = (
			);
			name = ApplePie;
			productName = ApplePie;
			productReference = D133AEC62BBF8D6500D053C9 /* ApplePie.app */;
			productType = "com.apple.product-type.application";
		};
		D133AEDB2BBF8D6700D053C9 /* ApplePieTests */ = {
			isa = PBXNativeTarget;
			buildConfigurationList = D133AEF32BBF8D6700D053C9 /* Build configuration list for PBXNativeTarget "ApplePieTests" */;
			buildPhases = (
				D133AED82BBF8D6700D053C9 /* Sources */,
				D133AED92BBF8D6700D053C9 /* Frameworks */,
				D133AEDA2BBF8D6700D053C9 /* Resources */,
			);
			buildRules = (
			);
			dependencies = (
				D133AEDE2BBF8D6700D053C9 /* PBXTargetDependency */,
			);
			name = ApplePieTests;
			productName = ApplePieTests;
			productReference = D133AEDC2BBF8D6700D053C9 /* ApplePieTests.xctest */;
			productType = "com.apple.product-type.bundle.unit-test";
		};
		D133AEE52BBF8D6700D053C9 /* ApplePieUITests */ = {
			isa = PBXNativeTarget;
			buildConfigurationList = D133AEF62BBF8D6700D053C9 /* Build configuration list for PBXNativeTarget "ApplePieUITests" */;
			buildPhases = (
				D133AEE22BBF8D6700D053C9 /* Sources */,
				D133AEE32BBF8D6700D053C9 /* Frameworks */,
				D133AEE42BBF8D6700D053C9 /* Resources */,
			);
			buildRules = (
			);
			dependencies = (
				D133AEE82BBF8D6700D053C9 /* PBXTargetDependency */,
			);
			name = ApplePieUITests;
			productName = ApplePieUITests;
			productReference = D133AEE62BBF8D6700D053C9 /* ApplePieUITests.xctest */;
			productType = "com.apple.product-type.bundle.ui-testing";
		};
/* End PBXNativeTarget section */

/* Begin PBXProject section */
		D133AEBE2BBF8D6500D053C9 /* Project object */ = {
			isa = PBXProject;
			attributes = {
				BuildIndependentTargetsInParallel = 1;
				LastSwiftUpdateCheck = 1530;
				LastUpgradeCheck = 1530;
				TargetAttributes = {
					D133AEC52BBF8D6500D053C9 = {
						CreatedOnToolsVersion = 15.3;
					};
					D133AEDB2BBF8D6700D053C9 = {
						CreatedOnToolsVersion = 15.3;
						TestTargetID = D133AEC52BBF8D6500D053C9;
					};
					D133AEE52BBF8D6700D053C9 = {
						CreatedOnToolsVersion = 15.3;
						TestTargetID = D133AEC52BBF8D6500D053C9;
					};
				};
			};
			buildConfigurationList = D133AEC12BBF8D6500D053C9 /* Build configuration list for PBXProject "ApplePie" */;
			compatibilityVersion = "Xcode 14.0";
			developmentRegion = en;
			hasScannedForEncodings = 0;
			knownRegions = (
				en,
				Base,
			);
			mainGroup = D133AEBD2BBF8D6500D053C9;
			productRefGroup = D133AEC72BBF8D6500D053C9 /* Products */;
			projectDirPath = "";
			projectRoot = "";
			targets = (
				D133AEC52BBF8D6500D053C9 /* ApplePie */,
				D133AEDB2BBF8D6700D053C9 /* ApplePieTests */,
				D133AEE52BBF8D6700D053C9 /* ApplePieUITests */,
			);
		};
/* End PBXProject section */

/* Begin PBXResourcesBuildPhase section */
		D133AEC42BBF8D6500D053C9 /* Resources */ = {
			isa = PBXResourcesBuildPhase;
			buildActionMask = 2147483647;
			files = (
				D133AED32BBF8D6700D053C9 /* Assets.xcassets in Resources */,
				D133AED62BBF8D6700D053C9 /* Base in Resources */,
				D133AED12BBF8D6500D053C9 /* Base in Resources */,
			);
			runOnlyForDeploymentPostprocessing = 0;
		};
		D133AEDA2BBF8D6700D053C9 /* Resources */ = {
			isa = PBXResourcesBuildPhase;
			buildActionMask = 2147483647;
			files = (
			);
			runOnlyForDeploymentPostprocessing = 0;
		};
		D133AEE42BBF8D6700D053C9 /* Resources */ = {
			isa = PBXResourcesBuildPhase;
			buildActionMask = 2147483647;
			files = (
			);
			runOnlyForDeploymentPostprocessing = 0;
		};
/* End PBXResourcesBuildPhase section */

/* Begin PBXSourcesBuildPhase section */
		D133AEC22BBF8D6500D053C9 /* Sources */ = {
			isa = PBXSourcesBuildPhase;
			buildActionMask = 2147483647;
			files = (
				D133AECE2BBF8D6500D053C9 /* ViewController.swift in Sources */,
				D133AECA2BBF8D6500D053C9 /* AppDelegate.swift in Sources */,
				D133AECC2BBF8D6500D053C9 /* SceneDelegate.swift in Sources */,
				D1A684F72BC0922A00EA458A /* Game.swift in Sources */,
			);
			runOnlyForDeploymentPostprocessing = 0;
		};
		D133AED82BBF8D6700D053C9 /* Sources */ = {
			isa = PBXSourcesBuildPhase;
			buildActionMask = 2147483647;
			files = (
				D133AEE12BBF8D6700D053C9 /* ApplePieTests.swift in Sources */,
			);
			runOnlyForDeploymentPostprocessing = 0;
		};
		D133AEE22BBF8D6700D053C9 /* Sources */ = {
			isa = PBXSourcesBuildPhase;
			buildActionMask = 2147483647;
			files = (
				D133AEED2BBF8D6700D053C9 /* ApplePieUITestsLaunchTests.swift in Sources */,
				D133AEEB2BBF8D6700D053C9 /* ApplePieUITests.swift in Sources */,
			);
			runOnlyForDeploymentPostprocessing = 0;
		};
/* End PBXSourcesBuildPhase section */

/* Begin PBXTargetDependency section */
		D133AEDE2BBF8D6700D053C9 /* PBXTargetDependency */ = {
			isa = PBXTargetDependency;
			target = D133AEC52BBF8D6500D053C9 /* ApplePie */;
			targetProxy = D133AEDD2BBF8D6700D053C9 /* PBXContainerItemProxy */;
		};
		D133AEE82BBF8D6700D053C9 /* PBXTargetDependency */ = {
			isa = PBXTargetDependency;
			target = D133AEC52BBF8D6500D053C9 /* ApplePie */;
			targetProxy = D133AEE72BBF8D6700D053C9 /* PBXContainerItemProxy */;
		};
/* End PBXTargetDependency section */

/* Begin PBXVariantGroup section */
		D133AECF2BBF8D6500D053C9 /* Main.storyboard */ = {
			isa = PBXVariantGroup;
			children = (
				D133AED02BBF8D6500D053C9 /* Base */,
			);
			name = Main.storyboard;
			sourceTree = "<group>";
		};
		D133AED42BBF8D6700D053C9 /* LaunchScreen.storyboard */ = {
			isa = PBXVariantGroup;
			children = (
				D133AED52BBF8D6700D053C9 /* Base */,
			);
			name = LaunchScreen.storyboard;
			sourceTree = "<group>";
		};
/* End PBXVariantGroup section */

/* Begin XCBuildConfiguration section */
		D133AEEE2BBF8D6700D053C9 /* Debug */ = {
			isa = XCBuildConfiguration;
			buildSettings = {
				ALWAYS_SEARCH_USER_PATHS = NO;
				ASSETCATALOG_COMPILER_GENERATE_SWIFT_ASSET_SYMBOL_EXTENSIONS = YES;
				CLANG_ANALYZER_NONNULL = YES;
				CLANG_ANALYZER_NUMBER_OBJECT_CONVERSION = YES_AGGRESSIVE;
				CLANG_CXX_LANGUAGE_STANDARD = "gnu++20";
				CLANG_ENABLE_MODULES = YES;
				CLANG_ENABLE_OBJC_ARC = YES;
				CLANG_ENABLE_OBJC_WEAK = YES;
				CLANG_WARN_BLOCK_CAPTURE_AUTORELEASING = YES;
				CLANG_WARN_BOOL_CONVERSION = YES;
				CLANG_WARN_COMMA = YES;
				CLANG_WARN_CONSTANT_CONVERSION = YES;
				CLANG_WARN_DEPRECATED_OBJC_IMPLEMENTATIONS = YES;
				CLANG_WARN_DIRECT_OBJC_ISA_USAGE = YES_ERROR;
				CLANG_WARN_DOCUMENTATION_COMMENTS = YES;
				CLANG_WARN_EMPTY_BODY = YES;
				CLANG_WARN_ENUM_CONVERSION = YES;
				CLANG_WARN_INFINITE_RECURSION = YES;
				CLANG_WARN_INT_CONVERSION = YES;
				CLANG_WARN_NON_LITERAL_NULL_CONVERSION = YES;
				CLANG_WARN_OBJC_IMPLICIT_RETAIN_SELF = YES;
				CLANG_WARN_OBJC_LITERAL_CONVERSION = YES;
				CLANG_WARN_OBJC_ROOT_CLASS = YES_ERROR;
				CLANG_WARN_QUOTED_INCLUDE_IN_FRAMEWORK_HEADER = YES;
				CLANG_WARN_RANGE_LOOP_ANALYSIS = YES;
				CLANG_WARN_STRICT_PROTOTYPES = YES;
				CLANG_WARN_SUSPICIOUS_MOVE = YES;
				CLANG_WARN_UNGUARDED_AVAILABILITY = YES_AGGRESSIVE;
				CLANG_WARN_UNREACHABLE_CODE = YES;
				CLANG_WARN__DUPLICATE_METHOD_MATCH = YES;
				COPY_PHASE_STRIP = NO;
				DEBUG_INFORMATION_FORMAT = dwarf;
				ENABLE_STRICT_OBJC_MSGSEND = YES;
				ENABLE_TESTABILITY = YES;
				ENABLE_USER_SCRIPT_SANDBOXING = YES;
				GCC_C_LANGUAGE_STANDARD = gnu17;
				GCC_DYNAMIC_NO_PIC = NO;
				GCC_NO_COMMON_BLOCKS = YES;
				GCC_OPTIMIZATION_LEVEL = 0;
				GCC_PREPROCESSOR_DEFINITIONS = (
					"DEBUG=1",
					"$(inherited)",
				);
				GCC_WARN_64_TO_32_BIT_CONVERSION = YES;
				GCC_WARN_ABOUT_RETURN_TYPE = YES_ERROR;
				GCC_WARN_UNDECLARED_SELECTOR = YES;
				GCC_WARN_UNINITIALIZED_AUTOS = YES_AGGRESSIVE;
				GCC_WARN_UNUSED_FUNCTION = YES;
				GCC_WARN_UNUSED_VARIABLE = YES;
				IPHONEOS_DEPLOYMENT_TARGET = 17.4;
				LOCALIZATION_PREFERS_STRING_CATALOGS = YES;
				MTL_ENABLE_DEBUG_INFO = INCLUDE_SOURCE;
				MTL_FAST_MATH = YES;
				ONLY_ACTIVE_ARCH = YES;
				SDKROOT = iphoneos;
				SWIFT_ACTIVE_COMPILATION_CONDITIONS = "DEBUG $(inherited)";
				SWIFT_OPTIMIZATION_LEVEL = "-Onone";
			};
			name = Debug;
		};
		D133AEEF2BBF8D6700D053C9 /* Release */ = {
			isa = XCBuildConfiguration;
			buildSettings = {
				ALWAYS_SEARCH_USER_PATHS = NO;
				ASSETCATALOG_COMPILER_GENERATE_SWIFT_ASSET_SYMBOL_EXTENSIONS = YES;
				CLANG_ANALYZER_NONNULL = YES;
				CLANG_ANALYZER_NUMBER_OBJECT_CONVERSION = YES_AGGRESSIVE;
				CLANG_CXX_LANGUAGE_STANDARD = "gnu++20";
				CLANG_ENABLE_MODULES = YES;
				CLANG_ENABLE_OBJC_ARC = YES;
				CLANG_ENABLE_OBJC_WEAK = YES;
				CLANG_WARN_BLOCK_CAPTURE_AUTORELEASING = YES;
				CLANG_WARN_BOOL_CONVERSION = YES;
				CLANG_WARN_COMMA = YES;
				CLANG_WARN_CONSTANT_CONVERSION = YES;
				CLANG_WARN_DEPRECATED_OBJC_IMPLEMENTATIONS = YES;
				CLANG_WARN_DIRECT_OBJC_ISA_USAGE = YES_ERROR;
				CLANG_WARN_DOCUMENTATION_COMMENTS = YES;
				CLANG_WARN_EMPTY_BODY = YES;
				CLANG_WARN_ENUM_CONVERSION = YES;
				CLANG_WARN_INFINITE_RECURSION = YES;
				CLANG_WARN_INT_CONVERSION = YES;
				CLANG_WARN_NON_LITERAL_NULL_CONVERSION = YES;
				CLANG_WARN_OBJC_IMPLICIT_RETAIN_SELF = YES;
				CLANG_WARN_OBJC_LITERAL_CONVERSION = YES;
				CLANG_WARN_OBJC_ROOT_CLASS = YES_ERROR;
				CLANG_WARN_QUOTED_INCLUDE_IN_FRAMEWORK_HEADER = YES;
				CLANG_WARN_RANGE_LOOP_ANALYSIS = YES;
				CLANG_WARN_STRICT_PROTOTYPES = YES;
				CLANG_WARN_SUSPICIOUS_MOVE = YES;
				CLANG_WARN_UNGUARDED_AVAILABILITY = YES_AGGRESSIVE;
				CLANG_WARN_UNREACHABLE_CODE = YES;
				CLANG_WARN__DUPLICATE_METHOD_MATCH = YES;
				COPY_PHASE_STRIP = NO;
				DEBUG_INFORMATION_FORMAT = "dwarf-with-dsym";
				ENABLE_NS_ASSERTIONS = NO;
				ENABLE_STRICT_OBJC_MSGSEND = YES;
				ENABLE_USER_SCRIPT_SANDBOXING = YES;
				GCC_C_LANGUAGE_STANDARD = gnu17;
				GCC_NO_COMMON_BLOCKS = YES;
				GCC_WARN_64_TO_32_BIT_CONVERSION = YES;
				GCC_WARN_ABOUT_RETURN_TYPE = YES_ERROR;
				GCC_WARN_UNDECLARED_SELECTOR = YES;
				GCC_WARN_UNINITIALIZED_AUTOS = YES_AGGRESSIVE;
				GCC_WARN_UNUSED_FUNCTION = YES;
				GCC_WARN_UNUSED_VARIABLE = YES;
				IPHONEOS_DEPLOYMENT_TARGET = 17.4;
				LOCALIZATION_PREFERS_STRING_CATALOGS = YES;
				MTL_ENABLE_DEBUG_INFO = NO;
				MTL_FAST_MATH = YES;
				SDKROOT = iphoneos;
				SWIFT_COMPILATION_MODE = wholemodule;
				VALIDATE_PRODUCT = YES;
			};
			name = Release;
		};
		D133AEF12BBF8D6700D053C9 /* Debug */ = {
			isa = XCBuildConfiguration;
			buildSettings = {
				ASSETCATALOG_COMPILER_APPICON_NAME = AppIcon;
				ASSETCATALOG_COMPILER_GLOBAL_ACCENT_COLOR_NAME = AccentColor;
				CODE_SIGN_STYLE = Automatic;
				CURRENT_PROJECT_VERSION = 1;
				GENERATE_INFOPLIST_FILE = YES;
				INFOPLIST_FILE = ApplePie/Info.plist;
				INFOPLIST_KEY_UIApplicationSupportsIndirectInputEvents = YES;
				INFOPLIST_KEY_UILaunchStoryboardName = LaunchScreen;
				INFOPLIST_KEY_UIMainStoryboardFile = Main;
				INFOPLIST_KEY_UISupportedInterfaceOrientations = "UIInterfaceOrientationLandscapeLeft UIInterfaceOrientationLandscapeRight UIInterfaceOrientationPortrait";
				INFOPLIST_KEY_UISupportedInterfaceOrientations_iPad = "UIInterfaceOrientationLandscapeLeft UIInterfaceOrientationLandscapeRight UIInterfaceOrientationPortrait UIInterfaceOrientationPortraitUpsideDown";
				LD_RUNPATH_SEARCH_PATHS = (
					"$(inherited)",
					"@executable_path/Frameworks",
				);
				MARKETING_VERSION = 1.0;
				PRODUCT_BUNDLE_IDENTIFIER = Ale.ApplePie;
				PRODUCT_NAME = "$(TARGET_NAME)";
				SUPPORTED_PLATFORMS = "iphoneos iphonesimulator";
				SUPPORTS_MACCATALYST = NO;
				SUPPORTS_MAC_DESIGNED_FOR_IPHONE_IPAD = NO;
				SUPPORTS_XR_DESIGNED_FOR_IPHONE_IPAD = NO;
				SWIFT_EMIT_LOC_STRINGS = YES;
				SWIFT_VERSION = 5.0;
				TARGETED_DEVICE_FAMILY = 2;
			};
			name = Debug;
		};
		D133AEF22BBF8D6700D053C9 /* Release */ = {
			isa = XCBuildConfiguration;
			buildSettings = {
				ASSETCATALOG_COMPILER_APPICON_NAME = AppIcon;
				ASSETCATALOG_COMPILER_GLOBAL_ACCENT_COLOR_NAME = AccentColor;
				CODE_SIGN_STYLE = Automatic;
				CURRENT_PROJECT_VERSION = 1;
				GENERATE_INFOPLIST_FILE = YES;
				INFOPLIST_FILE = ApplePie/Info.plist;
				INFOPLIST_KEY_UIApplicationSupportsIndirectInputEvents = YES;
				INFOPLIST_KEY_UILaunchStoryboardName = LaunchScreen;
				INFOPLIST_KEY_UIMainStoryboardFile = Main;
				INFOPLIST_KEY_UISupportedInterfaceOrientations = "UIInterfaceOrientationLandscapeLeft UIInterfaceOrientationLandscapeRight UIInterfaceOrientationPortrait";
				INFOPLIST_KEY_UISupportedInterfaceOrientations_iPad = "UIInterfaceOrientationLandscapeLeft UIInterfaceOrientationLandscapeRight UIInterfaceOrientationPortrait UIInterfaceOrientationPortraitUpsideDown";
				LD_RUNPATH_SEARCH_PATHS = (
					"$(inherited)",
					"@executable_path/Frameworks",
				);
				MARKETING_VERSION = 1.0;
				PRODUCT_BUNDLE_IDENTIFIER = Ale.ApplePie;
				PRODUCT_NAME = "$(TARGET_NAME)";
				SUPPORTED_PLATFORMS = "iphoneos iphonesimulator";
				SUPPORTS_MACCATALYST = NO;
				SUPPORTS_MAC_DESIGNED_FOR_IPHONE_IPAD = NO;
				SUPPORTS_XR_DESIGNED_FOR_IPHONE_IPAD = NO;
				SWIFT_EMIT_LOC_STRINGS = YES;
				SWIFT_VERSION = 5.0;
				TARGETED_DEVICE_FAMILY = 2;
			};
			name = Release;
		};
		D133AEF42BBF8D6700D053C9 /* Debug */ = {
			isa = XCBuildConfiguration;
			buildSettings = {
				ALWAYS_EMBED_SWIFT_STANDARD_LIBRARIES = YES;
				BUNDLE_LOADER = "$(TEST_HOST)";
				CODE_SIGN_STYLE = Automatic;
				CURRENT_PROJECT_VERSION = 1;
				GENERATE_INFOPLIST_FILE = YES;
				IPHONEOS_DEPLOYMENT_TARGET = 17.4;
				MARKETING_VERSION = 1.0;
				PRODUCT_BUNDLE_IDENTIFIER = Ale.ApplePieTests;
				PRODUCT_NAME = "$(TARGET_NAME)";
				SWIFT_EMIT_LOC_STRINGS = NO;
				SWIFT_VERSION = 5.0;
				TARGETED_DEVICE_FAMILY = "1,2";
				TEST_HOST = "$(BUILT_PRODUCTS_DIR)/ApplePie.app/$(BUNDLE_EXECUTABLE_FOLDER_PATH)/ApplePie";
			};
			name = Debug;
		};
		D133AEF52BBF8D6700D053C9 /* Release */ = {
			isa = XCBuildConfiguration;
			buildSettings = {
				ALWAYS_EMBED_SWIFT_STANDARD_LIBRARIES = YES;
				BUNDLE_LOADER = "$(TEST_HOST)";
				CODE_SIGN_STYLE = Automatic;
				CURRENT_PROJECT_VERSION = 1;
				GENERATE_INFOPLIST_FILE = YES;
				IPHONEOS_DEPLOYMENT_TARGET = 17.4;
				MARKETING_VERSION = 1.0;
				PRODUCT_BUNDLE_IDENTIFIER = Ale.ApplePieTests;
				PRODUCT_NAME = "$(TARGET_NAME)";
				SWIFT_EMIT_LOC_STRINGS = NO;
				SWIFT_VERSION = 5.0;
				TARGETED_DEVICE_FAMILY = "1,2";
				TEST_HOST = "$(BUILT_PRODUCTS_DIR)/ApplePie.app/$(BUNDLE_EXECUTABLE_FOLDER_PATH)/ApplePie";
			};
			name = Release;
		};
		D133AEF72BBF8D6700D053C9 /* Debug */ = {
			isa = XCBuildConfiguration;
			buildSettings = {
				ALWAYS_EMBED_SWIFT_STANDARD_LIBRARIES = YES;
				CODE_SIGN_STYLE = Automatic;
				CURRENT_PROJECT_VERSION = 1;
				GENERATE_INFOPLIST_FILE = YES;
				MARKETING_VERSION = 1.0;
				PRODUCT_BUNDLE_IDENTIFIER = Ale.ApplePieUITests;
				PRODUCT_NAME = "$(TARGET_NAME)";
				SWIFT_EMIT_LOC_STRINGS = NO;
				SWIFT_VERSION = 5.0;
				TARGETED_DEVICE_FAMILY = "1,2";
				TEST_TARGET_NAME = ApplePie;
			};
			name = Debug;
		};
		D133AEF82BBF8D6700D053C9 /* Release */ = {
			isa = XCBuildConfiguration;
			buildSettings = {
				ALWAYS_EMBED_SWIFT_STANDARD_LIBRARIES = YES;
				CODE_SIGN_STYLE = Automatic;
				CURRENT_PROJECT_VERSION = 1;
				GENERATE_INFOPLIST_FILE = YES;
				MARKETING_VERSION = 1.0;
				PRODUCT_BUNDLE_IDENTIFIER = Ale.ApplePieUITests;
				PRODUCT_NAME = "$(TARGET_NAME)";
				SWIFT_EMIT_LOC_STRINGS = NO;
				SWIFT_VERSION = 5.0;
				TARGETED_DEVICE_FAMILY = "1,2";
				TEST_TARGET_NAME = ApplePie;
			};
			name = Release;
		};
/* End XCBuildConfiguration section */

/* Begin XCConfigurationList section */
		D133AEC12BBF8D6500D053C9 /* Build configuration list for PBXProject "ApplePie" */ = {
			isa = XCConfigurationList;
			buildConfigurations = (
				D133AEEE2BBF8D6700D053C9 /* Debug */,
				D133AEEF2BBF8D6700D053C9 /* Release */,
			);
			defaultConfigurationIsVisible = 0;
			defaultConfigurationName = Release;
		};
		D133AEF02BBF8D6700D053C9 /* Build configuration list for PBXNativeTarget "ApplePie" */ = {
			isa = XCConfigurationList;
			buildConfigurations = (
				D133AEF12BBF8D6700D053C9 /* Debug */,
				D133AEF22BBF8D6700D053C9 /* Release */,
			);
			defaultConfigurationIsVisible = 0;
			defaultConfigurationName = Release;
		};
		D133AEF32BBF8D6700D053C9 /* Build configuration list for PBXNativeTarget "ApplePieTests" */ = {
			isa = XCConfigurationList;
			buildConfigurations = (
				D133AEF42BBF8D6700D053C9 /* Debug */,
				D133AEF52BBF8D6700D053C9 /* Release */,
			);
			defaultConfigurationIsVisible = 0;
			defaultConfigurationName = Release;
		};
		D133AEF62BBF8D6700D053C9 /* Build configuration list for PBXNativeTarget "ApplePieUITests" */ = {
			isa = XCConfigurationList;
			buildConfigurations = (
				D133AEF72BBF8D6700D053C9 /* Debug */,
				D133AEF82BBF8D6700D053C9 /* Release */,
			);
			defaultConfigurationIsVisible = 0;
			defaultConfigurationName = Release;
		};
/* End XCConfigurationList section */
	};
	rootObject = D133AEBE2BBF8D6500D053C9 /* Project object */;
}
